// !$*UTF8*$!
{
	archiveVersion = 1;
	classes = {
	};
	objectVersion = 50;
	objects = {

/* Begin PBXBuildFile section */
		56693E01628DD4278B6BCED0 /* libPods-知己.a in Frameworks */ = {isa = PBXBuildFile; fileRef = 9FFD2E62157D339416B2ECF4 /* libPods-知己.a */; };
		655616EE229ABC6E008AED33 /* ZTRTabBar.m in Sources */ = {isa = PBXBuildFile; fileRef = 655616ED229ABC6E008AED33 /* ZTRTabBar.m */; };
		655616F1229AC0CC008AED33 /* ARViewController.m in Sources */ = {isa = PBXBuildFile; fileRef = 655616F0229AC0CC008AED33 /* ARViewController.m */; };
		655616F7229AC10D008AED33 /* CardViewController.m in Sources */ = {isa = PBXBuildFile; fileRef = 655616F6229AC10D008AED33 /* CardViewController.m */; };
		655616FB229ACE61008AED33 /* ADViewController.m in Sources */ = {isa = PBXBuildFile; fileRef = 655616FA229ACE61008AED33 /* ADViewController.m */; };
		65561700229C0792008AED33 /* NewsCard.m in Sources */ = {isa = PBXBuildFile; fileRef = 655616FF229C0792008AED33 /* NewsCard.m */; };
		65561704229C096A008AED33 /* ZTRTableViewCell.m in Sources */ = {isa = PBXBuildFile; fileRef = 65561703229C096A008AED33 /* ZTRTableViewCell.m */; };
		65561706229C0E46008AED33 /* news.plist in Resources */ = {isa = PBXBuildFile; fileRef = 65561705229C0E46008AED33 /* news.plist */; };
		65561720229C0E6B008AED33 /* vip.png in Resources */ = {isa = PBXBuildFile; fileRef = 65561714229C0E6B008AED33 /* vip.png */; };
		65561724229D0D5F008AED33 /* JUMPViewController.m in Sources */ = {isa = PBXBuildFile; fileRef = 65561723229D0D5F008AED33 /* JUMPViewController.m */; };
		65561728229D27A1008AED33 /* MessageView.m in Sources */ = {isa = PBXBuildFile; fileRef = 65561727229D27A1008AED33 /* MessageView.m */; };
		6556172B229D5CF4008AED33 /* share.png in Resources */ = {isa = PBXBuildFile; fileRef = 6556172A229D5CF4008AED33 /* share.png */; };
		65D478EF2297E87600020061 /* adView.png in Resources */ = {isa = PBXBuildFile; fileRef = 65D478EE2297E87600020061 /* adView.png */; };
		65F484E12297DEDC00145DE2 /* AppDelegate.m in Sources */ = {isa = PBXBuildFile; fileRef = 65F484E02297DEDC00145DE2 /* AppDelegate.m */; };
		65F484E92297DEDE00145DE2 /* Assets.xcassets in Resources */ = {isa = PBXBuildFile; fileRef = 65F484E82297DEDE00145DE2 /* Assets.xcassets */; };
		65F484EC2297DEDE00145DE2 /* LaunchScreen.storyboard in Resources */ = {isa = PBXBuildFile; fileRef = 65F484EA2297DEDE00145DE2 /* LaunchScreen.storyboard */; };
		65F484EF2297DEDE00145DE2 /* main.m in Sources */ = {isa = PBXBuildFile; fileRef = 65F484EE2297DEDE00145DE2 /* main.m */; };
		65F484FD2297E32B00145DE2 /* ZTRViewController.m in Sources */ = {isa = PBXBuildFile; fileRef = 65F484FC2297E32B00145DE2 /* ZTRViewController.m */; };
		92564E2B229D94C8009054BF /* UserDetails.m in Sources */ = {isa = PBXBuildFile; fileRef = 92564E29229D94C8009054BF /* UserDetails.m */; };
		92564E2F229DA44C009054BF /* completeStory.m in Sources */ = {isa = PBXBuildFile; fileRef = 92564E2E229DA44C009054BF /* completeStory.m */; };
		92B2CD5E229974740049CECF /* story.json in Resources */ = {isa = PBXBuildFile; fileRef = 92B2CD5D229974740049CECF /* story.json */; };
		92B2CD61229977880049CECF /* MainViewController.m in Sources */ = {isa = PBXBuildFile; fileRef = 92B2CD60229977880049CECF /* MainViewController.m */; };
		92B2CD65229A2E620049CECF /* MineViewController.m in Sources */ = {isa = PBXBuildFile; fileRef = 92B2CD64229A2E620049CECF /* MineViewController.m */; };
		92B2CD68229A2F350049CECF /* AIViewController.m in Sources */ = {isa = PBXBuildFile; fileRef = 92B2CD67229A2F350049CECF /* AIViewController.m */; };
		92B2CD6E229A8E6A0049CECF /* todayStoryView.m in Sources */ = {isa = PBXBuildFile; fileRef = 92B2CD6D229A8E6A0049CECF /* todayStoryView.m */; };
		92B2CD71229A8E800049CECF /* formerStoryView.m in Sources */ = {isa = PBXBuildFile; fileRef = 92B2CD70229A8E800049CECF /* formerStoryView.m */; };
/* End PBXBuildFile section */

/* Begin PBXFileReference section */
		40A13CE6950B0E688D986E41 /* Pods-知己.release.xcconfig */ = {isa = PBXFileReference; includeInIndex = 1; lastKnownFileType = text.xcconfig; name = "Pods-知己.release.xcconfig"; path = "Target Support Files/Pods-知己/Pods-知己.release.xcconfig"; sourceTree = "<group>"; };
		4EABF221F9E9BABCD1D45790 /* Pods-知己.debug.xcconfig */ = {isa = PBXFileReference; includeInIndex = 1; lastKnownFileType = text.xcconfig; name = "Pods-知己.debug.xcconfig"; path = "Target Support Files/Pods-知己/Pods-知己.debug.xcconfig"; sourceTree = "<group>"; };
		655616EC229ABC6E008AED33 /* ZTRTabBar.h */ = {isa = PBXFileReference; lastKnownFileType = sourcecode.c.h; path = ZTRTabBar.h; sourceTree = "<group>"; };
		655616ED229ABC6E008AED33 /* ZTRTabBar.m */ = {isa = PBXFileReference; lastKnownFileType = sourcecode.c.objc; path = ZTRTabBar.m; sourceTree = "<group>"; };
		655616EF229AC0CC008AED33 /* ARViewController.h */ = {isa = PBXFileReference; lastKnownFileType = sourcecode.c.h; name = ARViewController.h; path = "知己/Root/TabBar/ARViewController.h"; sourceTree = SOURCE_ROOT; };
		655616F0229AC0CC008AED33 /* ARViewController.m */ = {isa = PBXFileReference; lastKnownFileType = sourcecode.c.objc; name = ARViewController.m; path = "知己/Root/TabBar/ARViewController.m"; sourceTree = SOURCE_ROOT; };
		655616F5229AC10D008AED33 /* CardViewController.h */ = {isa = PBXFileReference; lastKnownFileType = sourcecode.c.h; name = CardViewController.h; path = "知己/Root/Card/Controller/CardViewController.h"; sourceTree = SOURCE_ROOT; };
		655616F6229AC10D008AED33 /* CardViewController.m */ = {isa = PBXFileReference; lastKnownFileType = sourcecode.c.objc; name = CardViewController.m; path = "知己/Root/Card/Controller/CardViewController.m"; sourceTree = SOURCE_ROOT; };
		655616F9229ACE61008AED33 /* ADViewController.h */ = {isa = PBXFileReference; lastKnownFileType = sourcecode.c.h; path = ADViewController.h; sourceTree = "<group>"; };
		655616FA229ACE61008AED33 /* ADViewController.m */ = {isa = PBXFileReference; lastKnownFileType = sourcecode.c.objc; path = ADViewController.m; sourceTree = "<group>"; };
		655616FE229C0792008AED33 /* NewsCard.h */ = {isa = PBXFileReference; lastKnownFileType = sourcecode.c.h; path = NewsCard.h; sourceTree = "<group>"; };
		655616FF229C0792008AED33 /* NewsCard.m */ = {isa = PBXFileReference; lastKnownFileType = sourcecode.c.objc; path = NewsCard.m; sourceTree = "<group>"; };
		65561702229C096A008AED33 /* ZTRTableViewCell.h */ = {isa = PBXFileReference; lastKnownFileType = sourcecode.c.h; path = ZTRTableViewCell.h; sourceTree = "<group>"; };
		65561703229C096A008AED33 /* ZTRTableViewCell.m */ = {isa = PBXFileReference; lastKnownFileType = sourcecode.c.objc; path = ZTRTableViewCell.m; sourceTree = "<group>"; };
		65561705229C0E46008AED33 /* news.plist */ = {isa = PBXFileReference; fileEncoding = 4; lastKnownFileType = text.plist.xml; path = news.plist; sourceTree = "<group>"; };
		65561714229C0E6B008AED33 /* vip.png */ = {isa = PBXFileReference; lastKnownFileType = image.png; path = vip.png; sourceTree = "<group>"; };
		65561722229D0D5F008AED33 /* JUMPViewController.h */ = {isa = PBXFileReference; lastKnownFileType = sourcecode.c.h; path = JUMPViewController.h; sourceTree = "<group>"; };
		65561723229D0D5F008AED33 /* JUMPViewController.m */ = {isa = PBXFileReference; lastKnownFileType = sourcecode.c.objc; path = JUMPViewController.m; sourceTree = "<group>"; };
		65561726229D27A1008AED33 /* MessageView.h */ = {isa = PBXFileReference; lastKnownFileType = sourcecode.c.h; path = MessageView.h; sourceTree = "<group>"; };
		65561727229D27A1008AED33 /* MessageView.m */ = {isa = PBXFileReference; lastKnownFileType = sourcecode.c.objc; path = MessageView.m; sourceTree = "<group>"; };
		6556172A229D5CF4008AED33 /* share.png */ = {isa = PBXFileReference; lastKnownFileType = image.png; path = share.png; sourceTree = "<group>"; };
		65D478EE2297E87600020061 /* adView.png */ = {isa = PBXFileReference; lastKnownFileType = image.png; path = adView.png; sourceTree = "<group>"; };
		65F484DC2297DEDC00145DE2 /* 知己.app */ = {isa = PBXFileReference; explicitFileType = wrapper.application; includeInIndex = 0; path = "知己.app"; sourceTree = BUILT_PRODUCTS_DIR; };
		65F484DF2297DEDC00145DE2 /* AppDelegate.h */ = {isa = PBXFileReference; lastKnownFileType = sourcecode.c.h; path = AppDelegate.h; sourceTree = "<group>"; };
		65F484E02297DEDC00145DE2 /* AppDelegate.m */ = {isa = PBXFileReference; lastKnownFileType = sourcecode.c.objc; path = AppDelegate.m; sourceTree = "<group>"; };
		65F484E82297DEDE00145DE2 /* Assets.xcassets */ = {isa = PBXFileReference; lastKnownFileType = folder.assetcatalog; path = Assets.xcassets; sourceTree = "<group>"; };
		65F484EB2297DEDE00145DE2 /* Base */ = {isa = PBXFileReference; lastKnownFileType = file.storyboard; name = Base; path = Base.lproj/LaunchScreen.storyboard; sourceTree = "<group>"; };
		65F484ED2297DEDE00145DE2 /* Info.plist */ = {isa = PBXFileReference; lastKnownFileType = text.plist.xml; path = Info.plist; sourceTree = "<group>"; };
		65F484EE2297DEDE00145DE2 /* main.m */ = {isa = PBXFileReference; lastKnownFileType = sourcecode.c.objc; path = main.m; sourceTree = "<group>"; };
		65F484FB2297E32B00145DE2 /* ZTRViewController.h */ = {isa = PBXFileReference; lastKnownFileType = sourcecode.c.h; path = ZTRViewController.h; sourceTree = "<group>"; };
		65F484FC2297E32B00145DE2 /* ZTRViewController.m */ = {isa = PBXFileReference; lastKnownFileType = sourcecode.c.objc; path = ZTRViewController.m; sourceTree = "<group>"; };
		92564E29229D94C8009054BF /* UserDetails.m */ = {isa = PBXFileReference; fileEncoding = 4; lastKnownFileType = sourcecode.c.objc; path = UserDetails.m; sourceTree = "<group>"; };
		92564E2A229D94C8009054BF /* UserDetails.h */ = {isa = PBXFileReference; fileEncoding = 4; lastKnownFileType = sourcecode.c.h; path = UserDetails.h; sourceTree = "<group>"; };
		92564E2D229DA44C009054BF /* completeStory.h */ = {isa = PBXFileReference; lastKnownFileType = sourcecode.c.h; path = completeStory.h; sourceTree = "<group>"; };
		92564E2E229DA44C009054BF /* completeStory.m */ = {isa = PBXFileReference; lastKnownFileType = sourcecode.c.objc; path = completeStory.m; sourceTree = "<group>"; };
		92B2CD5D229974740049CECF /* story.json */ = {isa = PBXFileReference; fileEncoding = 4; lastKnownFileType = text.json; path = story.json; sourceTree = "<group>"; };
		92B2CD5F229977880049CECF /* MainViewController.h */ = {isa = PBXFileReference; lastKnownFileType = sourcecode.c.h; path = MainViewController.h; sourceTree = "<group>"; };
		92B2CD60229977880049CECF /* MainViewController.m */ = {isa = PBXFileReference; lastKnownFileType = sourcecode.c.objc; path = MainViewController.m; sourceTree = "<group>"; };
		92B2CD6222997CD20049CECF /* restrain.h */ = {isa = PBXFileReference; lastKnownFileType = sourcecode.c.h; path = restrain.h; sourceTree = "<group>"; };
		92B2CD63229A2E620049CECF /* MineViewController.h */ = {isa = PBXFileReference; lastKnownFileType = sourcecode.c.h; path = MineViewController.h; sourceTree = "<group>"; };
		92B2CD64229A2E620049CECF /* MineViewController.m */ = {isa = PBXFileReference; lastKnownFileType = sourcecode.c.objc; path = MineViewController.m; sourceTree = "<group>"; };
		92B2CD66229A2F350049CECF /* AIViewController.h */ = {isa = PBXFileReference; lastKnownFileType = sourcecode.c.h; path = AIViewController.h; sourceTree = "<group>"; };
		92B2CD67229A2F350049CECF /* AIViewController.m */ = {isa = PBXFileReference; lastKnownFileType = sourcecode.c.objc; path = AIViewController.m; sourceTree = "<group>"; };
		92B2CD6C229A8E6A0049CECF /* todayStoryView.h */ = {isa = PBXFileReference; lastKnownFileType = sourcecode.c.h; path = todayStoryView.h; sourceTree = "<group>"; };
		92B2CD6D229A8E6A0049CECF /* todayStoryView.m */ = {isa = PBXFileReference; lastKnownFileType = sourcecode.c.objc; path = todayStoryView.m; sourceTree = "<group>"; };
		92B2CD6F229A8E800049CECF /* formerStoryView.h */ = {isa = PBXFileReference; lastKnownFileType = sourcecode.c.h; path = formerStoryView.h; sourceTree = "<group>"; };
		92B2CD70229A8E800049CECF /* formerStoryView.m */ = {isa = PBXFileReference; lastKnownFileType = sourcecode.c.objc; path = formerStoryView.m; sourceTree = "<group>"; };
		9FFD2E62157D339416B2ECF4 /* libPods-知己.a */ = {isa = PBXFileReference; explicitFileType = archive.ar; includeInIndex = 0; path = "libPods-知己.a"; sourceTree = BUILT_PRODUCTS_DIR; };
/* End PBXFileReference section */

/* Begin PBXFrameworksBuildPhase section */
		65F484D92297DEDC00145DE2 /* Frameworks */ = {
			isa = PBXFrameworksBuildPhase;
			buildActionMask = 2147483647;
			files = (
				56693E01628DD4278B6BCED0 /* libPods-知己.a in Frameworks */,
			);
			runOnlyForDeploymentPostprocessing = 0;
		};
/* End PBXFrameworksBuildPhase section */

/* Begin PBXGroup section */
		50CDAEE6C1F741344638D15C /* Pods */ = {
			isa = PBXGroup;
			children = (
				4EABF221F9E9BABCD1D45790 /* Pods-知己.debug.xcconfig */,
				40A13CE6950B0E688D986E41 /* Pods-知己.release.xcconfig */,
			);
			path = Pods;
			sourceTree = "<group>";
		};
		655616EB229ABC36008AED33 /* TabBar */ = {
			isa = PBXGroup;
			children = (
				655616EC229ABC6E008AED33 /* ZTRTabBar.h */,
				655616ED229ABC6E008AED33 /* ZTRTabBar.m */,
			);
			path = TabBar;
			sourceTree = "<group>";
		};
		655616FC229C075D008AED33 /* Controller */ = {
			isa = PBXGroup;
			children = (
				655616F5229AC10D008AED33 /* CardViewController.h */,
				655616F6229AC10D008AED33 /* CardViewController.m */,
			);
			path = Controller;
			sourceTree = "<group>";
		};
		655616FD229C076E008AED33 /* CellModel */ = {
			isa = PBXGroup;
			children = (
				655616FE229C0792008AED33 /* NewsCard.h */,
				655616FF229C0792008AED33 /* NewsCard.m */,
			);
			path = CellModel;
			sourceTree = "<group>";
		};
		65561701229C0949008AED33 /* CellView */ = {
			isa = PBXGroup;
			children = (
				65561702229C096A008AED33 /* ZTRTableViewCell.h */,
				65561703229C096A008AED33 /* ZTRTableViewCell.m */,
			);
			path = CellView;
			sourceTree = "<group>";
		};
		65561721229D0D45008AED33 /* JUMPView */ = {
			isa = PBXGroup;
			children = (
				65561729229D59AA008AED33 /* Controller */,
				65561725229D2778008AED33 /* View */,
			);
			path = JUMPView;
			sourceTree = "<group>";
		};
		65561725229D2778008AED33 /* View */ = {
			isa = PBXGroup;
			children = (
				65561726229D27A1008AED33 /* MessageView.h */,
				65561727229D27A1008AED33 /* MessageView.m */,
			);
			path = View;
			sourceTree = "<group>";
		};
		65561729229D59AA008AED33 /* Controller */ = {
			isa = PBXGroup;
			children = (
				65561722229D0D5F008AED33 /* JUMPViewController.h */,
				65561723229D0D5F008AED33 /* JUMPViewController.m */,
			);
			path = Controller;
			sourceTree = "<group>";
		};
		6556172C229D6235008AED33 /* View */ = {
			isa = PBXGroup;
			children = (
			);
			path = View;
			sourceTree = "<group>";
		};
		65778F3D2297F75F004AAB32 /* Me */ = {
			isa = PBXGroup;
			children = (
				92564E2A229D94C8009054BF /* UserDetails.h */,
				92564E29229D94C8009054BF /* UserDetails.m */,
			);
			path = Me;
			sourceTree = "<group>";
		};
		65778F3E2297F76E004AAB32 /* AR */ = {
			isa = PBXGroup;
			children = (
				6556172C229D6235008AED33 /* View */,
				655616EF229AC0CC008AED33 /* ARViewController.h */,
				655616F0229AC0CC008AED33 /* ARViewController.m */,
			);
			path = AR;
			sourceTree = "<group>";
		};
		65778F3F2297F77A004AAB32 /* Main */ = {
			isa = PBXGroup;
			children = (
				92B2CD6C229A8E6A0049CECF /* todayStoryView.h */,
				92B2CD6D229A8E6A0049CECF /* todayStoryView.m */,
				92B2CD6F229A8E800049CECF /* formerStoryView.h */,
				92B2CD70229A8E800049CECF /* formerStoryView.m */,
				92564E2D229DA44C009054BF /* completeStory.h */,
				92564E2E229DA44C009054BF /* completeStory.m */,
			);
			path = Main;
			sourceTree = "<group>";
		};
		65778F402297F791004AAB32 /* Card */ = {
			isa = PBXGroup;
			children = (
				65561721229D0D45008AED33 /* JUMPView */,
				65561701229C0949008AED33 /* CellView */,
				655616FD229C076E008AED33 /* CellModel */,
				655616FC229C075D008AED33 /* Controller */,
			);
			path = Card;
			sourceTree = "<group>";
		};
		65778F412297F7A5004AAB32 /* AI */ = {
			isa = PBXGroup;
			children = (
				92B2CD66229A2F350049CECF /* AIViewController.h */,
				92B2CD67229A2F350049CECF /* AIViewController.m */,
			);
			path = AI;
			sourceTree = "<group>";
		};
		65F484D32297DEDC00145DE2 = {
			isa = PBXGroup;
			children = (
				65F484DE2297DEDC00145DE2 /* 知己 */,
				65F484DD2297DEDC00145DE2 /* Products */,
				50CDAEE6C1F741344638D15C /* Pods */,
				B44AC555B97A9D3CA1C31645 /* Frameworks */,
			);
			sourceTree = "<group>";
		};
		65F484DD2297DEDC00145DE2 /* Products */ = {
			isa = PBXGroup;
			children = (
				65F484DC2297DEDC00145DE2 /* 知己.app */,
			);
			name = Products;
			sourceTree = "<group>";
		};
		65F484DE2297DEDC00145DE2 /* 知己 */ = {
			isa = PBXGroup;
			children = (
				92B2CD5A22996CCF0049CECF /* Model */,
				65F484F72297E1D000145DE2 /* Root */,
				65F484F52297DEF000145DE2 /* AppDelegate */,
				65F484F62297DF2600145DE2 /* Other */,
				65F484E82297DEDE00145DE2 /* Assets.xcassets */,
				65561714229C0E6B008AED33 /* vip.png */,
				65F484ED2297DEDE00145DE2 /* Info.plist */,
				65F484EA2297DEDE00145DE2 /* LaunchScreen.storyboard */,
			);
			path = "知己";
			sourceTree = "<group>";
		};
		65F484F52297DEF000145DE2 /* AppDelegate */ = {
			isa = PBXGroup;
			children = (
				65F484DF2297DEDC00145DE2 /* AppDelegate.h */,
				65F484E02297DEDC00145DE2 /* AppDelegate.m */,
			);
			path = AppDelegate;
			sourceTree = "<group>";
		};
		65F484F62297DF2600145DE2 /* Other */ = {
			isa = PBXGroup;
			children = (
				6556172A229D5CF4008AED33 /* share.png */,
				65D478EE2297E87600020061 /* adView.png */,
				65F484EE2297DEDE00145DE2 /* main.m */,
			);
			path = Other;
			sourceTree = "<group>";
		};
		65F484F72297E1D000145DE2 /* Root */ = {
			isa = PBXGroup;
			children = (
				92B2CD5F229977880049CECF /* MainViewController.h */,
				92B2CD60229977880049CECF /* MainViewController.m */,
				92B2CD63229A2E620049CECF /* MineViewController.h */,
				92B2CD64229A2E620049CECF /* MineViewController.m */,
				92B2CD6222997CD20049CECF /* restrain.h */,
				655616EB229ABC36008AED33 /* TabBar */,
				65778F412297F7A5004AAB32 /* AI */,
				65778F3F2297F77A004AAB32 /* Main */,
				65778F3D2297F75F004AAB32 /* Me */,
				65778F402297F791004AAB32 /* Card */,
				65778F3E2297F76E004AAB32 /* AR */,
				65F484FE2297E47F00145DE2 /* AD */,
				65F484FB2297E32B00145DE2 /* ZTRViewController.h */,
				65F484FC2297E32B00145DE2 /* ZTRViewController.m */,
			);
			path = Root;
			sourceTree = "<group>";
		};
		65F484FE2297E47F00145DE2 /* AD */ = {
			isa = PBXGroup;
			children = (
				655616F9229ACE61008AED33 /* ADViewController.h */,
				655616FA229ACE61008AED33 /* ADViewController.m */,
			);
			path = AD;
			sourceTree = "<group>";
		};
		92B2CD5A22996CCF0049CECF /* Model */ = {
			isa = PBXGroup;
			children = (
				65561705229C0E46008AED33 /* news.plist */,
				92B2CD5D229974740049CECF /* story.json */,
			);
			path = Model;
			sourceTree = "<group>";
		};
		B44AC555B97A9D3CA1C31645 /* Frameworks */ = {
			isa = PBXGroup;
			children = (
				9FFD2E62157D339416B2ECF4 /* libPods-知己.a */,
			);
			name = Frameworks;
			sourceTree = "<group>";
		};
/* End PBXGroup section */

/* Begin PBXNativeTarget section */
		65F484DB2297DEDC00145DE2 /* 知己 */ = {
			isa = PBXNativeTarget;
			buildConfigurationList = 65F484F22297DEDE00145DE2 /* Build configuration list for PBXNativeTarget "知己" */;
			buildPhases = (
				BB5C24EAC71BD8562A4D9912 /* [CP] Check Pods Manifest.lock */,
				65F484D82297DEDC00145DE2 /* Sources */,
				65F484D92297DEDC00145DE2 /* Frameworks */,
				65F484DA2297DEDC00145DE2 /* Resources */,
			);
			buildRules = (
			);
			dependencies = (
			);
			name = "知己";
			productName = "知己";
			productReference = 65F484DC2297DEDC00145DE2 /* 知己.app */;
			productType = "com.apple.product-type.application";
		};
/* End PBXNativeTarget section */

/* Begin PBXProject section */
		65F484D42297DEDC00145DE2 /* Project object */ = {
			isa = PBXProject;
			attributes = {
				LastUpgradeCheck = 1020;
				ORGANIZATIONNAME = "周天荣";
				TargetAttributes = {
					65F484DB2297DEDC00145DE2 = {
						CreatedOnToolsVersion = 10.2.1;
					};
				};
			};
			buildConfigurationList = 65F484D72297DEDC00145DE2 /* Build configuration list for PBXProject "知己" */;
			compatibilityVersion = "Xcode 9.3";
			developmentRegion = en;
			hasScannedForEncodings = 0;
			knownRegions = (
				en,
				Base,
			);
			mainGroup = 65F484D32297DEDC00145DE2;
			productRefGroup = 65F484DD2297DEDC00145DE2 /* Products */;
			projectDirPath = "";
			projectRoot = "";
			targets = (
				65F484DB2297DEDC00145DE2 /* 知己 */,
			);
		};
/* End PBXProject section */

/* Begin PBXResourcesBuildPhase section */
		65F484DA2297DEDC00145DE2 /* Resources */ = {
			isa = PBXResourcesBuildPhase;
			buildActionMask = 2147483647;
			files = (
				65561720229C0E6B008AED33 /* vip.png in Resources */,
				65D478EF2297E87600020061 /* adView.png in Resources */,
				65F484EC2297DEDE00145DE2 /* LaunchScreen.storyboard in Resources */,
				6556172B229D5CF4008AED33 /* share.png in Resources */,
				65561706229C0E46008AED33 /* news.plist in Resources */,
				65F484E92297DEDE00145DE2 /* Assets.xcassets in Resources */,
				92B2CD5E229974740049CECF /* story.json in Resources */,
			);
			runOnlyForDeploymentPostprocessing = 0;
		};
/* End PBXResourcesBuildPhase section */

/* Begin PBXShellScriptBuildPhase section */
		BB5C24EAC71BD8562A4D9912 /* [CP] Check Pods Manifest.lock */ = {
			isa = PBXShellScriptBuildPhase;
			buildActionMask = 2147483647;
			files = (
			);
			inputFileListPaths = (
			);
			inputPaths = (
				"${PODS_PODFILE_DIR_PATH}/Podfile.lock",
				"${PODS_ROOT}/Manifest.lock",
			);
			name = "[CP] Check Pods Manifest.lock";
			outputFileListPaths = (
			);
			outputPaths = (
				"$(DERIVED_FILE_DIR)/Pods-知己-checkManifestLockResult.txt",
			);
			runOnlyForDeploymentPostprocessing = 0;
			shellPath = /bin/sh;
			shellScript = "diff \"${PODS_PODFILE_DIR_PATH}/Podfile.lock\" \"${PODS_ROOT}/Manifest.lock\" > /dev/null\nif [ $? != 0 ] ; then\n    # print error to STDERR\n    echo \"error: The sandbox is not in sync with the Podfile.lock. Run 'pod install' or update your CocoaPods installation.\" >&2\n    exit 1\nfi\n# This output is used by Xcode 'outputs' to avoid re-running this script phase.\necho \"SUCCESS\" > \"${SCRIPT_OUTPUT_FILE_0}\"\n";
			showEnvVarsInLog = 0;
		};
/* End PBXShellScriptBuildPhase section */

/* Begin PBXSourcesBuildPhase section */
		65F484D82297DEDC00145DE2 /* Sources */ = {
			isa = PBXSourcesBuildPhase;
			buildActionMask = 2147483647;
			files = (
				65F484FD2297E32B00145DE2 /* ZTRViewController.m in Sources */,
				655616FB229ACE61008AED33 /* ADViewController.m in Sources */,
				65561704229C096A008AED33 /* ZTRTableViewCell.m in Sources */,
				92564E2B229D94C8009054BF /* UserDetails.m in Sources */,
				92564E2F229DA44C009054BF /* completeStory.m in Sources */,
				65F484EF2297DEDE00145DE2 /* main.m in Sources */,
				92B2CD6E229A8E6A0049CECF /* todayStoryView.m in Sources */,
				92B2CD71229A8E800049CECF /* formerStoryView.m in Sources */,
				655616F7229AC10D008AED33 /* CardViewController.m in Sources */,
				92B2CD65229A2E620049CECF /* MineViewController.m in Sources */,
				65561728229D27A1008AED33 /* MessageView.m in Sources */,
				65F484E12297DEDC00145DE2 /* AppDelegate.m in Sources */,
				65561700229C0792008AED33 /* NewsCard.m in Sources */,
				65561724229D0D5F008AED33 /* JUMPViewController.m in Sources */,
				92B2CD68229A2F350049CECF /* AIViewController.m in Sources */,
				655616EE229ABC6E008AED33 /* ZTRTabBar.m in Sources */,
				92B2CD61229977880049CECF /* MainViewController.m in Sources */,
				655616F1229AC0CC008AED33 /* ARViewController.m in Sources */,
			);
			runOnlyForDeploymentPostprocessing = 0;
		};
/* End PBXSourcesBuildPhase section */

/* Begin PBXVariantGroup section */
		65F484EA2297DEDE00145DE2 /* LaunchScreen.storyboard */ = {
			isa = PBXVariantGroup;
			children = (
				65F484EB2297DEDE00145DE2 /* Base */,
			);
			name = LaunchScreen.storyboard;
			sourceTree = "<group>";
		};
/* End PBXVariantGroup section */

/* Begin XCBuildConfiguration section */
		65F484F02297DEDE00145DE2 /* Debug */ = {
			isa = XCBuildConfiguration;
			buildSettings = {
				ALWAYS_SEARCH_USER_PATHS = NO;
				CLANG_ANALYZER_NONNULL = YES;
				CLANG_ANALYZER_NUMBER_OBJECT_CONVERSION = YES_AGGRESSIVE;
				CLANG_CXX_LANGUAGE_STANDARD = "gnu++14";
				CLANG_CXX_LIBRARY = "libc++";
				CLANG_ENABLE_MODULES = YES;
				CLANG_ENABLE_OBJC_ARC = YES;
				CLANG_ENABLE_OBJC_WEAK = YES;
				CLANG_WARN_BLOCK_CAPTURE_AUTORELEASING = YES;
				CLANG_WARN_BOOL_CONVERSION = YES;
				CLANG_WARN_COMMA = YES;
				CLANG_WARN_CONSTANT_CONVERSION = YES;
				CLANG_WARN_DEPRECATED_OBJC_IMPLEMENTATIONS = YES;
				CLANG_WARN_DIRECT_OBJC_ISA_USAGE = YES_ERROR;
				CLANG_WARN_DOCUMENTATION_COMMENTS = YES;
				CLANG_WARN_EMPTY_BODY = YES;
				CLANG_WARN_ENUM_CONVERSION = YES;
				CLANG_WARN_INFINITE_RECURSION = YES;
				CLANG_WARN_INT_CONVERSION = YES;
				CLANG_WARN_NON_LITERAL_NULL_CONVERSION = YES;
				CLANG_WARN_OBJC_IMPLICIT_RETAIN_SELF = YES;
				CLANG_WARN_OBJC_LITERAL_CONVERSION = YES;
				CLANG_WARN_OBJC_ROOT_CLASS = YES_ERROR;
				CLANG_WARN_RANGE_LOOP_ANALYSIS = YES;
				CLANG_WARN_STRICT_PROTOTYPES = YES;
				CLANG_WARN_SUSPICIOUS_MOVE = YES;
				CLANG_WARN_UNGUARDED_AVAILABILITY = YES_AGGRESSIVE;
				CLANG_WARN_UNREACHABLE_CODE = YES;
				CLANG_WARN__DUPLICATE_METHOD_MATCH = YES;
				CODE_SIGN_IDENTITY = "iPhone Developer";
				COPY_PHASE_STRIP = NO;
				DEBUG_INFORMATION_FORMAT = dwarf;
				ENABLE_STRICT_OBJC_MSGSEND = YES;
				ENABLE_TESTABILITY = YES;
				GCC_C_LANGUAGE_STANDARD = gnu11;
				GCC_DYNAMIC_NO_PIC = NO;
				GCC_NO_COMMON_BLOCKS = YES;
				GCC_OPTIMIZATION_LEVEL = 0;
				GCC_PREPROCESSOR_DEFINITIONS = (
					"DEBUG=1",
					"$(inherited)",
				);
				GCC_WARN_64_TO_32_BIT_CONVERSION = YES;
				GCC_WARN_ABOUT_RETURN_TYPE = YES_ERROR;
				GCC_WARN_UNDECLARED_SELECTOR = YES;
				GCC_WARN_UNINITIALIZED_AUTOS = YES_AGGRESSIVE;
				GCC_WARN_UNUSED_FUNCTION = YES;
				GCC_WARN_UNUSED_VARIABLE = YES;
				IPHONEOS_DEPLOYMENT_TARGET = 12.2;
				MTL_ENABLE_DEBUG_INFO = INCLUDE_SOURCE;
				MTL_FAST_MATH = YES;
				ONLY_ACTIVE_ARCH = YES;
				SDKROOT = iphoneos;
			};
			name = Debug;
		};
		65F484F12297DEDE00145DE2 /* Release */ = {
			isa = XCBuildConfiguration;
			buildSettings = {
				ALWAYS_SEARCH_USER_PATHS = NO;
				CLANG_ANALYZER_NONNULL = YES;
				CLANG_ANALYZER_NUMBER_OBJECT_CONVERSION = YES_AGGRESSIVE;
				CLANG_CXX_LANGUAGE_STANDARD = "gnu++14";
				CLANG_CXX_LIBRARY = "libc++";
				CLANG_ENABLE_MODULES = YES;
				CLANG_ENABLE_OBJC_ARC = YES;
				CLANG_ENABLE_OBJC_WEAK = YES;
				CLANG_WARN_BLOCK_CAPTURE_AUTORELEASING = YES;
				CLANG_WARN_BOOL_CONVERSION = YES;
				CLANG_WARN_COMMA = YES;
				CLANG_WARN_CONSTANT_CONVERSION = YES;
				CLANG_WARN_DEPRECATED_OBJC_IMPLEMENTATIONS = YES;
				CLANG_WARN_DIRECT_OBJC_ISA_USAGE = YES_ERROR;
				CLANG_WARN_DOCUMENTATION_COMMENTS = YES;
				CLANG_WARN_EMPTY_BODY = YES;
				CLANG_WARN_ENUM_CONVERSION = YES;
				CLANG_WARN_INFINITE_RECURSION = YES;
				CLANG_WARN_INT_CONVERSION = YES;
				CLANG_WARN_NON_LITERAL_NULL_CONVERSION = YES;
				CLANG_WARN_OBJC_IMPLICIT_RETAIN_SELF = YES;
				CLANG_WARN_OBJC_LITERAL_CONVERSION = YES;
				CLANG_WARN_OBJC_ROOT_CLASS = YES_ERROR;
				CLANG_WARN_RANGE_LOOP_ANALYSIS = YES;
				CLANG_WARN_STRICT_PROTOTYPES = YES;
				CLANG_WARN_SUSPICIOUS_MOVE = YES;
				CLANG_WARN_UNGUARDED_AVAILABILITY = YES_AGGRESSIVE;
				CLANG_WARN_UNREACHABLE_CODE = YES;
				CLANG_WARN__DUPLICATE_METHOD_MATCH = YES;
				CODE_SIGN_IDENTITY = "iPhone Developer";
				COPY_PHASE_STRIP = NO;
				DEBUG_INFORMATION_FORMAT = "dwarf-with-dsym";
				ENABLE_NS_ASSERTIONS = NO;
				ENABLE_STRICT_OBJC_MSGSEND = YES;
				GCC_C_LANGUAGE_STANDARD = gnu11;
				GCC_NO_COMMON_BLOCKS = YES;
				GCC_WARN_64_TO_32_BIT_CONVERSION = YES;
				GCC_WARN_ABOUT_RETURN_TYPE = YES_ERROR;
				GCC_WARN_UNDECLARED_SELECTOR = YES;
				GCC_WARN_UNINITIALIZED_AUTOS = YES_AGGRESSIVE;
				GCC_WARN_UNUSED_FUNCTION = YES;
				GCC_WARN_UNUSED_VARIABLE = YES;
				IPHONEOS_DEPLOYMENT_TARGET = 12.2;
				MTL_ENABLE_DEBUG_INFO = NO;
				MTL_FAST_MATH = YES;
				SDKROOT = iphoneos;
				VALIDATE_PRODUCT = YES;
			};
			name = Release;
		};
		65F484F32297DEDE00145DE2 /* Debug */ = {
			isa = XCBuildConfiguration;
			baseConfigurationReference = 4EABF221F9E9BABCD1D45790 /* Pods-知己.debug.xcconfig */;
			buildSettings = {
				ASSETCATALOG_COMPILER_APPICON_NAME = AppIcon;
				CODE_SIGN_STYLE = Automatic;
				DEVELOPMENT_TEAM = 5FXX6G3M6W;
				INFOPLIST_FILE = "知己/Info.plist";
				LD_RUNPATH_SEARCH_PATHS = (
					"$(inherited)",
					"@executable_path/Frameworks",
				);
				PRODUCT_BUNDLE_IDENTIFIER = com.ios.knowme.anthony;
				PRODUCT_NAME = "$(TARGET_NAME)";
				TARGETED_DEVICE_FAMILY = 1;
				USER_HEADER_SEARCH_PATHS = "$(SRCROOT)";
			};
			name = Debug;
		};
		65F484F42297DEDE00145DE2 /* Release */ = {
			isa = XCBuildConfiguration;
			baseConfigurationReference = 40A13CE6950B0E688D986E41 /* Pods-知己.release.xcconfig */;
			buildSettings = {
				ASSETCATALOG_COMPILER_APPICON_NAME = AppIcon;
				CODE_SIGN_STYLE = Automatic;
				DEVELOPMENT_TEAM = 5FXX6G3M6W;
				INFOPLIST_FILE = "知己/Info.plist";
				LD_RUNPATH_SEARCH_PATHS = (
					"$(inherited)",
					"@executable_path/Frameworks",
				);
				PRODUCT_BUNDLE_IDENTIFIER = com.ios.knowme.anthony;
				PRODUCT_NAME = "$(TARGET_NAME)";
				TARGETED_DEVICE_FAMILY = 1;
				USER_HEADER_SEARCH_PATHS = "$(SRCROOT)";
			};
			name = Release;
		};
/* End XCBuildConfiguration section */

/* Begin XCConfigurationList section */
		65F484D72297DEDC00145DE2 /* Build configuration list for PBXProject "知己" */ = {
			isa = XCConfigurationList;
			buildConfigurations = (
				65F484F02297DEDE00145DE2 /* Debug */,
				65F484F12297DEDE00145DE2 /* Release */,
			);
			defaultConfigurationIsVisible = 0;
			defaultConfigurationName = Release;
		};
		65F484F22297DEDE00145DE2 /* Build configuration list for PBXNativeTarget "知己" */ = {
			isa = XCConfigurationList;
			buildConfigurations = (
				65F484F32297DEDE00145DE2 /* Debug */,
				65F484F42297DEDE00145DE2 /* Release */,
			);
			defaultConfigurationIsVisible = 0;
			defaultConfigurationName = Release;
		};
/* End XCConfigurationList section */
	};
	rootObject = 65F484D42297DEDC00145DE2 /* Project object */;
}
